
Microsoft Visual Studio Solution File, Format Version 12.00
# Visual Studio 14
VisualStudioVersion = 14.0.23107.0
MinimumVisualStudioVersion = 10.0.40219.1
Project("{FAE04EC0-301F-11D3-BF4B-00C04F79EFBC}") = "NSoup.Tests", "NSoup.Tests\NSoup.Tests.csproj", "{B8F30BF6-3EF9-4BDD-B943-DA1DD3822C5E}"
EndProject
Project("{FAE04EC0-301F-11D3-BF4B-00C04F79EFBC}") = "NSoup", "NSoup\NSoup.csproj", "{575CD09D-D1CD-4A4D-BD58-5D42AC65C5BB}"
EndProject
Global
	GlobalSection(SolutionConfigurationPlatforms) = preSolution
		Debug|Any CPU = Debug|Any CPU
		Release|Any CPU = Release|Any CPU
	EndGlobalSection
	GlobalSection(ProjectConfigurationPlatforms) = postSolution
		{B8F30BF6-3EF9-4BDD-B943-DA1DD3822C5E}.Debug|Any CPU.ActiveCfg = Debug|Any CPU
		{B8F30BF6-3EF9-4BDD-B943-DA1DD3822C5E}.Debug|Any CPU.Build.0 = Debug|Any CPU
		{B8F30BF6-3EF9-4BDD-B943-DA1DD3822C5E}.Release|Any CPU.ActiveCfg = Release|Any CPU
		{B8F30BF6-3EF9-4BDD-B943-DA1DD3822C5E}.Release|Any CPU.Build.0 = Release|Any CPU
		{575CD09D-D1CD-4A4D-BD58-5D42AC65C5BB}.Debug|Any CPU.ActiveCfg = Debug|Any CPU
		{575CD09D-D1CD-4A4D-BD58-5D42AC65C5BB}.Debug|Any CPU.Build.0 = Debug|Any CPU
		{575CD09D-D1CD-4A4D-BD58-5D42AC65C5BB}.Release|Any CPU.ActiveCfg = Release|Any CPU
		{575CD09D-D1CD-4A4D-BD58-5D42AC65C5BB}.Release|Any CPU.Build.0 = Release|Any CPU
	EndGlobalSection
	GlobalSection(SolutionProperties) = preSolution
		HideSolutionNode = FALSE
	EndGlobalSection
EndGlobal
